
Microsoft Visual Studio Solution File, Format Version 9.00
# Visual Studio 2005
Project("{FAE04EC0-301F-11D3-BF4B-00C04F79EFBC}") = "sdict2db", "sdict2db.csproj", "{2AA6FE28-2035-49B3-B6E2-9137A5648EA4}"
EndProject
Project("{54435603-DBB4-11D2-8724-00A0C9A8B90C}") = "Setup", "Setup\Setup.vdproj", "{42798C99-2574-4F7C-B2EE-537EE45AFDDC}"
EndProject
Global
	GlobalSection(SolutionConfigurationPlatforms) = preSolution
		Debug|Any CPU = Debug|Any CPU
		Release|Any CPU = Release|Any CPU
	EndGlobalSection
	GlobalSection(ProjectConfigurationPlatforms) = postSolution
		{2AA6FE28-2035-49B3-B6E2-9137A5648EA4}.Debug|Any CPU.ActiveCfg = Debug|Any CPU
		{2AA6FE28-2035-49B3-B6E2-9137A5648EA4}.Debug|Any CPU.Build.0 = Debug|Any CPU
		{2AA6FE28-2035-49B3-B6E2-9137A5648EA4}.Release|Any CPU.ActiveCfg = Release|Any CPU
		{2AA6FE28-2035-49B3-B6E2-9137A5648EA4}.Release|Any CPU.Build.0 = Release|Any CPU
		{42798C99-2574-4F7C-B2EE-537EE45AFDDC}.Debug|Any CPU.ActiveCfg = Debug
		{42798C99-2574-4F7C-B2EE-537EE45AFDDC}.Debug|Any CPU.Build.0 = Debug
		{42798C99-2574-4F7C-B2EE-537EE45AFDDC}.Release|Any CPU.ActiveCfg = Release
		{42798C99-2574-4F7C-B2EE-537EE45AFDDC}.Release|Any CPU.Build.0 = Release
	EndGlobalSection
	GlobalSection(SolutionProperties) = preSolution
		HideSolutionNode = FALSE
	EndGlobalSection
EndGlobal
